
Microsoft Visual Studio Solution File, Format Version 12.00
# Visual Studio Version 17
VisualStudioVersion = 17.5.002.0
MinimumVisualStudioVersion = 10.0.40219.1
Project("{9A19103F-16F7-4668-BE54-9A1E7A4F7556}") = "ugynokseg", "ugynokseg.csproj", "{26E0CE46-7183-440A-9767-3657773EFA70}"
EndProject
Global
	GlobalSection(SolutionConfigurationPlatforms) = preSolution
		Debug|Any CPU = Debug|Any CPU
		Release|Any CPU = Release|Any CPU
	EndGlobalSection
	GlobalSection(ProjectConfigurationPlatforms) = postSolution
		{26E0CE46-7183-440A-9767-3657773EFA70}.Debug|Any CPU.ActiveCfg = Debug|Any CPU
		{26E0CE46-7183-440A-9767-3657773EFA70}.Debug|Any CPU.Build.0 = Debug|Any CPU
		{26E0CE46-7183-440A-9767-3657773EFA70}.Release|Any CPU.ActiveCfg = Release|Any CPU
		{26E0CE46-7183-440A-9767-3657773EFA70}.Release|Any CPU.Build.0 = Release|Any CPU
	EndGlobalSection
	GlobalSection(SolutionProperties) = preSolution
		HideSolutionNode = FALSE
	EndGlobalSection
	GlobalSection(ExtensibilityGlobals) = postSolution
		SolutionGuid = {47CF6A18-FA51-495F-91D2-87C3FA3FB34E}
	EndGlobalSection
EndGlobal
